PODS:
  - device_info_plus (0.0.1):
    - Flutter
  - Flutter (1.0.0)
  - flutter_health_connect (0.0.1):
    - Flutter
  - health (1.0.4):
    - Flutter
  - pedometer (0.0.1):
    - Flutter

DEPENDENCIES:
  - device_info_plus (from `.symlinks/plugins/device_info_plus/ios`)
  - Flutter (from `Flutter`)
  - flutter_health_connect (from `.symlinks/plugins/flutter_health_connect/ios`)
  - health (from `.symlinks/plugins/health/ios`)
  - pedometer (from `.symlinks/plugins/pedometer/ios`)

EXTERNAL SOURCES:
  device_info_plus:
    :path: ".symlinks/plugins/device_info_plus/ios"
  Flutter:
    :path: Flutter
  flutter_health_connect:
    :path: ".symlinks/plugins/flutter_health_connect/ios"
  health:
    :path: ".symlinks/plugins/health/ios"
  pedometer:
    :path: ".symlinks/plugins/pedometer/ios"

SPEC CHECKSUMS:
  device_info_plus: c6fb39579d0f423935b0c9ce7ee2f44b71b9fce6
  Flutter: e0871f40cf51350855a761d2e70bf5af5b9b5de7
  flutter_health_connect: ac5623c081166629c5c2fa1f4bebb24dd4575d4d
  health: 5d10c4296a95f6be50a8131d47d3cb3ad640bdf5
  pedometer: 381969883680ade42559782cc41a3bbd453d8234

PODFILE CHECKSUM: a57f30d18f102dd3ce366b1d62a55ecbef2158e5

COCOAPODS: 1.16.2
